{
	"name": "@reactionable/ui-bootstrap",
	"version": "0.0.1",
	"lockfileVersion": 1,
	"requires": true,
	"dependencies": {
		"@babel/runtime": {
			"version": "7.6.3",
			"resolved": "https://registry.npmjs.org/@babel/runtime/-/runtime-7.6.3.tgz",
			"integrity": "sha512-kq6anf9JGjW8Nt5rYfEuGRaEAaH1mkv3Bbu6rYvLOpPh/RusSJXuKPEAoZ7L7gybZkchE8+NV5g9vKF4AGAtsA==",
			"requires": {
				"regenerator-runtime": "^0.13.2"
			}
		},
		"@fortawesome/fontawesome-common-types": {
			"version": "0.2.25",
			"resolved": "https://registry.npmjs.org/@fortawesome/fontawesome-common-types/-/fontawesome-common-types-0.2.25.tgz",
			"integrity": "sha512-3RuZPDuuPELd7RXtUqTCfed14fcny9UiPOkdr2i+cYxBoTOfQgxcDoq77fHiiHcgWuo1LoBUpvGxFF1H/y7s3Q=="
		},
		"@fortawesome/fontawesome-svg-core": {
			"version": "1.2.25",
			"resolved": "https://registry.npmjs.org/@fortawesome/fontawesome-svg-core/-/fontawesome-svg-core-1.2.25.tgz",
			"integrity": "sha512-MotKnn53JKqbkLQiwcZSBJVYtTgIKFbh7B8+kd05TSnfKYPFmjKKI59o2fpz5t0Hzl35vVGU6+N4twoOpZUrqA==",
			"requires": {
				"@fortawesome/fontawesome-common-types": "^0.2.25"
			}
		},
		"@fortawesome/free-solid-svg-icons": {
			"version": "5.11.2",
			"resolved": "https://registry.npmjs.org/@fortawesome/free-solid-svg-icons/-/free-solid-svg-icons-5.11.2.tgz",
			"integrity": "sha512-zBue4i0PAZJUXOmLBBvM7L0O7wmsDC8dFv9IhpW5QL4kT9xhhVUsYg/LX1+5KaukWq4/cbDcKT+RT1aRe543sg==",
			"requires": {
				"@fortawesome/fontawesome-common-types": "^0.2.25"
			}
		},
		"@fortawesome/react-fontawesome": {
			"version": "0.1.6",
			"resolved": "https://registry.npmjs.org/@fortawesome/react-fontawesome/-/react-fontawesome-0.1.6.tgz",
			"integrity": "sha512-DNqt2t4JQ0YQKi832XzByk1wlQzgugwwCCNQHsFyz1z/zA9dtypSvsvVwMIaWXMljalYzKAA2zHX13C1DIxKAw==",
			"requires": {
				"prop-types": "^15.5.10"
			}
		},
		"@restart/context": {
			"version": "2.1.4",
			"resolved": "https://registry.npmjs.org/@restart/context/-/context-2.1.4.tgz",
			"integrity": "sha512-INJYZQJP7g+IoDUh/475NlGiTeMfwTXUEr3tmRneckHIxNolGOW9CTq83S8cxq0CgJwwcMzMJFchxvlwe7Rk8Q=="
		},
		"@restart/hooks": {
			"version": "0.3.14",
			"resolved": "https://registry.npmjs.org/@restart/hooks/-/hooks-0.3.14.tgz",
			"integrity": "sha512-k57+iyGr6o1XHeWWsGe5aMHKYcw7fukL6mCE+ZrPjtt1gXei5wCUxj71yQYfFbNjg0z5xxX8Els/UmyJiEn4nw=="
		},
		"@types/history": {
			"version": "4.7.3",
			"resolved": "https://registry.npmjs.org/@types/history/-/history-4.7.3.tgz",
			"integrity": "sha512-cS5owqtwzLN5kY+l+KgKdRJ/Cee8tlmQoGQuIE9tWnSmS3JMKzmxo2HIAk2wODMifGwO20d62xZQLYz+RLfXmw==",
			"dev": true
		},
		"@types/prop-types": {
			"version": "15.7.3",
			"resolved": "https://registry.npmjs.org/@types/prop-types/-/prop-types-15.7.3.tgz",
			"integrity": "sha512-KfRL3PuHmqQLOG+2tGpRO26Ctg+Cq1E01D2DMriKEATHgWLfeNDmq9e29Q9WIky0dQ3NPkd1mzYH8Lm936Z9qw=="
		},
		"@types/react": {
			"version": "16.9.9",
			"resolved": "https://registry.npmjs.org/@types/react/-/react-16.9.9.tgz",
			"integrity": "sha512-L+AudFJkDukk+ukInYvpoAPyJK5q1GanFOINOJnM0w6tUgITuWvJ4jyoBPFL7z4/L8hGLd+K/6xR5uUjXu0vVg==",
			"requires": {
				"@types/prop-types": "*",
				"csstype": "^2.2.0"
			}
		},
		"@types/react-dom": {
			"version": "16.9.2",
			"resolved": "https://registry.npmjs.org/@types/react-dom/-/react-dom-16.9.2.tgz",
			"integrity": "sha512-hgPbBoI1aTSTvZwo8HYw35UaTldW6n2ETLvHAcfcg1FaOuBV3olmyCe5eMpx2WybWMBPv0MdU2t5GOcQhP+3zA==",
			"dev": true,
			"requires": {
				"@types/react": "*"
			}
		},
		"@types/react-i18next": {
			"version": "8.1.0",
			"resolved": "https://registry.npmjs.org/@types/react-i18next/-/react-i18next-8.1.0.tgz",
			"integrity": "sha512-d4xhcjX5b3roNMObRNMfb1HinHQlQLPo8xlDj60dnHeeAw2bBymR2cy/l1giJpHzo/ZFgSvgVUvIWr4kCrenCg==",
			"dev": true,
			"requires": {
				"react-i18next": "*"
			}
		},
		"@types/react-router": {
			"version": "5.1.2",
			"resolved": "https://registry.npmjs.org/@types/react-router/-/react-router-5.1.2.tgz",
			"integrity": "sha512-euC3SiwDg3NcjFdNmFL8uVuAFTpZJm0WMFUw+4eXMUnxa7M9RGFEG0szt0z+/Zgk4G2k9JBFhaEnY64RBiFmuw==",
			"dev": true,
			"requires": {
				"@types/history": "*",
				"@types/react": "*"
			}
		},
		"@types/react-router-dom": {
			"version": "5.1.0",
			"resolved": "https://registry.npmjs.org/@types/react-router-dom/-/react-router-dom-5.1.0.tgz",
			"integrity": "sha512-YCh8r71pL5p8qDwQf59IU13hFy/41fDQG/GeOI3y+xmD4o0w3vEPxE8uBe+dvOgMoDl0W1WUZsWH0pxc1mcZyQ==",
			"dev": true,
			"requires": {
				"@types/history": "*",
				"@types/react": "*",
				"@types/react-router": "*"
			}
		},
		"@types/yargs": {
			"version": "13.0.3",
			"resolved": "https://registry.npmjs.org/@types/yargs/-/yargs-13.0.3.tgz",
			"integrity": "sha512-K8/LfZq2duW33XW/tFwEAfnZlqIfVsoyRB3kfXdPXYhl0nfM8mmh7GS0jg7WrX2Dgq/0Ha/pR1PaR+BvmWwjiQ==",
			"dev": true,
			"requires": {
				"@types/yargs-parser": "*"
			}
		},
		"@types/yargs-parser": {
			"version": "13.1.0",
			"resolved": "https://registry.npmjs.org/@types/yargs-parser/-/yargs-parser-13.1.0.tgz",
			"integrity": "sha512-gCubfBUZ6KxzoibJ+SCUc/57Ms1jz5NjHe4+dI2krNmU5zCPAphyLJYyTOg06ueIyfj+SaCUqmzun7ImlxDcKg==",
			"dev": true
		},
		"@types/yup": {
			"version": "0.26.24",
			"resolved": "https://registry.npmjs.org/@types/yup/-/yup-0.26.24.tgz",
			"integrity": "sha512-x0bhHnYjH5mZit4HivUYbTMO4LouOTGwp/LLxSL1mbJYVwNJtHYESH0ed2bwM1lkI2yDmsoCDYJnWEgHeJDACg==",
			"dev": true
		},
		"ansi-regex": {
			"version": "4.1.0",
			"resolved": "https://registry.npmjs.org/ansi-regex/-/ansi-regex-4.1.0.tgz",
			"integrity": "sha512-1apePfXM1UOSqw0o9IiFAovVz9M5S1Dg+4TrDwfMewQ6p/rmMueb7tWZjQ1rx4Loy1ArBggoqGpfqqdI4rondg==",
			"dev": true
		},
		"ansi-styles": {
			"version": "3.2.1",
			"resolved": "https://registry.npmjs.org/ansi-styles/-/ansi-styles-3.2.1.tgz",
			"integrity": "sha512-VT0ZI6kZRdTh8YyJw3SMbYm/u+NqfsAxEpWO0Pf9sq8/e94WxxOpPKx9FR1FlyCtOVDNOQ+8ntlqFxiRc+r5qA==",
			"dev": true,
			"requires": {
				"color-convert": "^1.9.0"
			}
		},
		"asap": {
			"version": "2.0.6",
			"resolved": "https://registry.npmjs.org/asap/-/asap-2.0.6.tgz",
			"integrity": "sha1-5QNHYR1+aQlDIIu9r+vLwvuGbUY="
		},
		"barrelsby": {
			"version": "2.2.0",
			"resolved": "https://registry.npmjs.org/barrelsby/-/barrelsby-2.2.0.tgz",
			"integrity": "sha512-tv8q7cPd7eu5C0nv9ibqjyypYReMHTIZCJz7wWNiwmLzsSOSJgwhafJKhQmampK/IjpuQSbcDdPTXM2zceskfw==",
			"dev": true,
			"requires": {
				"@types/yargs": "^13.0.3",
				"yargs": "^14.2.0"
			}
		},
		"bootstrap": {
			"version": "4.3.1",
			"resolved": "https://registry.npmjs.org/bootstrap/-/bootstrap-4.3.1.tgz",
			"integrity": "sha512-rXqOmH1VilAt2DyPzluTi2blhk17bO7ef+zLLPlWvG494pDxcM234pJ8wTc/6R40UWizAIIMgxjvxZg5kmsbag=="
		},
		"camelcase": {
			"version": "5.3.1",
			"resolved": "https://registry.npmjs.org/camelcase/-/camelcase-5.3.1.tgz",
			"integrity": "sha512-L28STB170nwWS63UjtlEOE3dldQApaJXZkOI1uMFfzf3rRuPegHaHesyee+YxQ+W6SvRDQV6UrdOdRiR153wJg==",
			"dev": true
		},
		"classnames": {
			"version": "2.2.6",
			"resolved": "https://registry.npmjs.org/classnames/-/classnames-2.2.6.tgz",
			"integrity": "sha512-JR/iSQOSt+LQIWwrwEzJ9uk0xfN3mTVYMwt1Ir5mUcSN6pU+V4zQFFaJsclJbPuAUQH+yfWef6tm7l1quW3C8Q=="
		},
		"cliui": {
			"version": "5.0.0",
			"resolved": "https://registry.npmjs.org/cliui/-/cliui-5.0.0.tgz",
			"integrity": "sha512-PYeGSEmmHM6zvoef2w8TPzlrnNpXIjTipYK780YswmIP9vjxmd6Y2a3CB2Ks6/AU8NHjZugXvo8w3oWM2qnwXA==",
			"dev": true,
			"requires": {
				"string-width": "^3.1.0",
				"strip-ansi": "^5.2.0",
				"wrap-ansi": "^5.1.0"
			}
		},
		"color-convert": {
			"version": "1.9.3",
			"resolved": "https://registry.npmjs.org/color-convert/-/color-convert-1.9.3.tgz",
			"integrity": "sha512-QfAUtd+vFdAtFQcC8CCyYt1fYWxSqAiK2cSD6zDB8N3cpsEBAvRxp9zOGg6G/SHHJYAT88/az/IuDGALsNVbGg==",
			"dev": true,
			"requires": {
				"color-name": "1.1.3"
			}
		},
		"color-name": {
			"version": "1.1.3",
			"resolved": "https://registry.npmjs.org/color-name/-/color-name-1.1.3.tgz",
			"integrity": "sha1-p9BVi9icQveV3UIyj3QIMcpTvCU=",
			"dev": true
		},
		"core-js": {
			"version": "1.2.7",
			"resolved": "https://registry.npmjs.org/core-js/-/core-js-1.2.7.tgz",
			"integrity": "sha1-ZSKUwUZR2yj6k70tX/KYOk8IxjY="
		},
		"create-react-context": {
			"version": "0.3.0",
			"resolved": "https://registry.npmjs.org/create-react-context/-/create-react-context-0.3.0.tgz",
			"integrity": "sha512-dNldIoSuNSvlTJ7slIKC/ZFGKexBMBrrcc+TTe1NdmROnaASuLPvqpwj9v4XS4uXZ8+YPu0sNmShX2rXI5LNsw==",
			"requires": {
				"gud": "^1.0.0",
				"warning": "^4.0.3"
			}
		},
		"csstype": {
			"version": "2.6.7",
			"resolved": "https://registry.npmjs.org/csstype/-/csstype-2.6.7.tgz",
			"integrity": "sha512-9Mcn9sFbGBAdmimWb2gLVDtFJzeKtDGIr76TUqmjZrw9LFXBMSU70lcs+C0/7fyCd6iBDqmksUcCOUIkisPHsQ=="
		},
		"decamelize": {
			"version": "1.2.0",
			"resolved": "https://registry.npmjs.org/decamelize/-/decamelize-1.2.0.tgz",
			"integrity": "sha1-9lNNFRSCabIDUue+4m9QH5oZEpA=",
			"dev": true
		},
		"deepmerge": {
			"version": "2.2.1",
			"resolved": "https://registry.npmjs.org/deepmerge/-/deepmerge-2.2.1.tgz",
			"integrity": "sha512-R9hc1Xa/NOBi9WRVUWg19rl1UB7Tt4kuPd+thNJgFZoxXsTz7ncaPaeIm+40oSGuP33DfMb4sZt1QIGiJzC4EA=="
		},
		"dom-helpers": {
			"version": "3.4.0",
			"resolved": "https://registry.npmjs.org/dom-helpers/-/dom-helpers-3.4.0.tgz",
			"integrity": "sha512-LnuPJ+dwqKDIyotW1VzmOZ5TONUN7CwkCR5hrgawTUbkBGYdeoNLZo6nNfGkCrjtE1nXXaj7iMMpDa8/d9WoIA==",
			"requires": {
				"@babel/runtime": "^7.1.2"
			}
		},
		"emoji-regex": {
			"version": "7.0.3",
			"resolved": "https://registry.npmjs.org/emoji-regex/-/emoji-regex-7.0.3.tgz",
			"integrity": "sha512-CwBLREIQ7LvYFB0WyRvwhq5N5qPhc6PMjD6bYggFlI5YyDgl+0vxq5VHbMOFqLg7hfWzmu8T5Z1QofhmTIhItA==",
			"dev": true
		},
		"encoding": {
			"version": "0.1.12",
			"resolved": "https://registry.npmjs.org/encoding/-/encoding-0.1.12.tgz",
			"integrity": "sha1-U4tm8+5izRq1HsMjgp0flIDHS+s=",
			"requires": {
				"iconv-lite": "~0.4.13"
			}
		},
		"fbjs": {
			"version": "0.8.17",
			"resolved": "https://registry.npmjs.org/fbjs/-/fbjs-0.8.17.tgz",
			"integrity": "sha1-xNWY6taUkRJlPWWIsBpc3Nn5D90=",
			"requires": {
				"core-js": "^1.0.0",
				"isomorphic-fetch": "^2.1.1",
				"loose-envify": "^1.0.0",
				"object-assign": "^4.1.0",
				"promise": "^7.1.1",
				"setimmediate": "^1.0.5",
				"ua-parser-js": "^0.7.18"
			}
		},
		"find-up": {
			"version": "3.0.0",
			"resolved": "https://registry.npmjs.org/find-up/-/find-up-3.0.0.tgz",
			"integrity": "sha512-1yD6RmLI1XBfxugvORwlck6f75tYL+iR0jqwsOrOxMZyGYqUuDhJ0l4AXdO1iX/FTs9cBAMEk1gWSEx1kSbylg==",
			"dev": true,
			"requires": {
				"locate-path": "^3.0.0"
			}
		},
		"fn-name": {
			"version": "2.0.1",
			"resolved": "https://registry.npmjs.org/fn-name/-/fn-name-2.0.1.tgz",
			"integrity": "sha1-UhTXU3pNBqSjAcDMJi/rhBiAAuc="
		},
		"formik": {
			"version": "1.5.8",
			"resolved": "https://registry.npmjs.org/formik/-/formik-1.5.8.tgz",
			"integrity": "sha512-fNvPe+ddbh+7xiByT25vuso2p2hseG/Yvuj211fV1DbCjljUEG9OpgRpcb7g7O3kxHX/q31cbZDzMxJXPWSNwA==",
			"requires": {
				"create-react-context": "^0.2.2",
				"deepmerge": "^2.1.1",
				"hoist-non-react-statics": "^3.3.0",
				"lodash": "^4.17.14",
				"lodash-es": "^4.17.14",
				"prop-types": "^15.6.1",
				"react-fast-compare": "^2.0.1",
				"tiny-warning": "^1.0.2",
				"tslib": "^1.9.3"
			},
			"dependencies": {
				"create-react-context": {
					"version": "0.2.3",
					"resolved": "https://registry.npmjs.org/create-react-context/-/create-react-context-0.2.3.tgz",
					"integrity": "sha512-CQBmD0+QGgTaxDL3OX1IDXYqjkp2It4RIbcb99jS6AEg27Ga+a9G3JtK6SIu0HBwPLZlmwt9F7UwWA4Bn92Rag==",
					"requires": {
						"fbjs": "^0.8.0",
						"gud": "^1.0.0"
					}
				}
			}
		},
		"get-caller-file": {
			"version": "2.0.5",
			"resolved": "https://registry.npmjs.org/get-caller-file/-/get-caller-file-2.0.5.tgz",
			"integrity": "sha512-DyFP3BM/3YHTQOCUL/w0OZHR0lpKeGrxotcHWcqNEdnltqFwXVfhEBQ94eIo34AfQpo0rGki4cyIiftY06h2Fg==",
			"dev": true
		},
		"gud": {
			"version": "1.0.0",
			"resolved": "https://registry.npmjs.org/gud/-/gud-1.0.0.tgz",
			"integrity": "sha512-zGEOVKFM5sVPPrYs7J5/hYEw2Pof8KCyOwyhG8sAF26mCAeUFAcYPu1mwB7hhpIP29zOIBaDqwuHdLp0jvZXjw=="
		},
		"hoist-non-react-statics": {
			"version": "3.3.0",
			"resolved": "https://registry.npmjs.org/hoist-non-react-statics/-/hoist-non-react-statics-3.3.0.tgz",
			"integrity": "sha512-0XsbTXxgiaCDYDIWFcwkmerZPSwywfUqYmwT4jzewKTQSWoE6FCMoUVOeBJWK3E/CrWbxRG3m5GzY4lnIwGRBA==",
			"requires": {
				"react-is": "^16.7.0"
			}
		},
		"html-parse-stringify2": {
			"version": "2.0.1",
			"resolved": "https://registry.npmjs.org/html-parse-stringify2/-/html-parse-stringify2-2.0.1.tgz",
			"integrity": "sha1-3FZwtyksoVi3vJFsmmc1rIhyg0o=",
			"dev": true,
			"requires": {
				"void-elements": "^2.0.1"
			}
		},
		"i18next": {
			"version": "17.2.0",
			"resolved": "https://registry.npmjs.org/i18next/-/i18next-17.2.0.tgz",
			"integrity": "sha512-ltl4LSzCEAPBbHRJ6R8diJCnxCbVkf6cxH3k1B4CjB0YFGoISm3/Jxgw3noELe9TP+C/x8fEostuJcGVUeYwdw==",
			"requires": {
				"@babel/runtime": "^7.3.1"
			}
		},
		"iconv-lite": {
			"version": "0.4.24",
			"resolved": "https://registry.npmjs.org/iconv-lite/-/iconv-lite-0.4.24.tgz",
			"integrity": "sha512-v3MXnZAcvnywkTUEZomIActle7RXXeedOR31wwl7VlyoXO4Qi9arvSenNQWne1TcRwhCL1HwLI21bEqdpj8/rA==",
			"requires": {
				"safer-buffer": ">= 2.1.2 < 3"
			}
		},
		"invariant": {
			"version": "2.2.4",
			"resolved": "https://registry.npmjs.org/invariant/-/invariant-2.2.4.tgz",
			"integrity": "sha512-phJfQVBuaJM5raOpJjSfkiD6BpbCE4Ns//LaXl6wGYtUBY83nWS6Rf9tXm2e8VaK60JEjYldbPif/A2B1C2gNA==",
			"requires": {
				"loose-envify": "^1.0.0"
			}
		},
		"is-fullwidth-code-point": {
			"version": "2.0.0",
			"resolved": "https://registry.npmjs.org/is-fullwidth-code-point/-/is-fullwidth-code-point-2.0.0.tgz",
			"integrity": "sha1-o7MKXE8ZkYMWeqq5O+764937ZU8=",
			"dev": true
		},
		"is-stream": {
			"version": "1.1.0",
			"resolved": "https://registry.npmjs.org/is-stream/-/is-stream-1.1.0.tgz",
			"integrity": "sha1-EtSj3U5o4Lec6428hBc66A2RykQ="
		},
		"isomorphic-fetch": {
			"version": "2.2.1",
			"resolved": "https://registry.npmjs.org/isomorphic-fetch/-/isomorphic-fetch-2.2.1.tgz",
			"integrity": "sha1-YRrhrPFPXoH3KVB0coGf6XM1WKk=",
			"requires": {
				"node-fetch": "^1.0.1",
				"whatwg-fetch": ">=0.10.0"
			}
		},
		"js-tokens": {
			"version": "4.0.0",
			"resolved": "https://registry.npmjs.org/js-tokens/-/js-tokens-4.0.0.tgz",
			"integrity": "sha512-RdJUflcE3cUzKiMqQgsCu06FPu9UdIJO0beYbPhHN4k6apgJtifcoCtT9bcxOpYBtpD2kCM6Sbzg4CausW/PKQ=="
		},
		"keycode": {
			"version": "2.2.0",
			"resolved": "https://registry.npmjs.org/keycode/-/keycode-2.2.0.tgz",
			"integrity": "sha1-PQr1bce4uOXLqNCpfxByBO7CKwQ="
		},
		"locate-path": {
			"version": "3.0.0",
			"resolved": "https://registry.npmjs.org/locate-path/-/locate-path-3.0.0.tgz",
			"integrity": "sha512-7AO748wWnIhNqAuaty2ZWHkQHRSNfPVIsPIfwEOWO22AmaoVrWavlOcMR5nzTLNYvp36X220/maaRsrec1G65A==",
			"dev": true,
			"requires": {
				"p-locate": "^3.0.0",
				"path-exists": "^3.0.0"
			}
		},
		"lodash": {
			"version": "4.17.15",
			"resolved": "https://registry.npmjs.org/lodash/-/lodash-4.17.15.tgz",
			"integrity": "sha512-8xOcRHvCjnocdS5cpwXQXVzmmh5e5+saE2QGoeQmbKmRS6J3VQppPOIt0MnmE+4xlZoumy0GPG0D0MVIQbNA1A=="
		},
		"lodash-es": {
			"version": "4.17.15",
			"resolved": "https://registry.npmjs.org/lodash-es/-/lodash-es-4.17.15.tgz",
			"integrity": "sha512-rlrc3yU3+JNOpZ9zj5pQtxnx2THmvRykwL4Xlxoa8I9lHBlVbbyPhgyPMioxVZ4NqyxaVVtaJnzsyOidQIhyyQ=="
		},
		"loose-envify": {
			"version": "1.4.0",
			"resolved": "https://registry.npmjs.org/loose-envify/-/loose-envify-1.4.0.tgz",
			"integrity": "sha512-lyuxPGr/Wfhrlem2CL/UcnUc1zcqKAImBDzukY7Y5F/yQiNdko6+fRLevlw1HgMySw7f611UIY408EtxRSoK3Q==",
			"requires": {
				"js-tokens": "^3.0.0 || ^4.0.0"
			}
		},
		"node-fetch": {
			"version": "1.7.3",
			"resolved": "https://registry.npmjs.org/node-fetch/-/node-fetch-1.7.3.tgz",
			"integrity": "sha512-NhZ4CsKx7cYm2vSrBAr2PvFOe6sWDf0UYLRqA6svUYg7+/TSfVAu49jYC4BvQ4Sms9SZgdqGBgroqfDhJdTyKQ==",
			"requires": {
				"encoding": "^0.1.11",
				"is-stream": "^1.0.1"
			}
		},
		"object-assign": {
			"version": "4.1.1",
			"resolved": "https://registry.npmjs.org/object-assign/-/object-assign-4.1.1.tgz",
			"integrity": "sha1-IQmtx5ZYh8/AXLvUQsrIv7s2CGM="
		},
		"p-limit": {
			"version": "2.2.1",
			"resolved": "https://registry.npmjs.org/p-limit/-/p-limit-2.2.1.tgz",
			"integrity": "sha512-85Tk+90UCVWvbDavCLKPOLC9vvY8OwEX/RtKF+/1OADJMVlFfEHOiMTPVyxg7mk/dKa+ipdHm0OUkTvCpMTuwg==",
			"dev": true,
			"requires": {
				"p-try": "^2.0.0"
			}
		},
		"p-locate": {
			"version": "3.0.0",
			"resolved": "https://registry.npmjs.org/p-locate/-/p-locate-3.0.0.tgz",
			"integrity": "sha512-x+12w/To+4GFfgJhBEpiDcLozRJGegY+Ei7/z0tSLkMmxGZNybVMSfWj9aJn8Z5Fc7dBUNJOOVgPv2H7IwulSQ==",
			"dev": true,
			"requires": {
				"p-limit": "^2.0.0"
			}
		},
		"p-try": {
			"version": "2.2.0",
			"resolved": "https://registry.npmjs.org/p-try/-/p-try-2.2.0.tgz",
			"integrity": "sha512-R4nPAVTAU0B9D35/Gk3uJf/7XYbQcyohSKdvAxIRSNghFl4e71hVoGnBNQz9cWaXxO2I10KTC+3jMdvvoKw6dQ==",
			"dev": true
		},
		"path-exists": {
			"version": "3.0.0",
			"resolved": "https://registry.npmjs.org/path-exists/-/path-exists-3.0.0.tgz",
			"integrity": "sha1-zg6+ql94yxiSXqfYENe1mwEP1RU=",
			"dev": true
		},
		"popper.js": {
			"version": "1.16.0",
			"resolved": "https://registry.npmjs.org/popper.js/-/popper.js-1.16.0.tgz",
			"integrity": "sha512-+G+EkOPoE5S/zChTpmBSSDYmhXJ5PsW8eMhH8cP/CQHMFPBG/kC9Y5IIw6qNYgdJ+/COf0ddY2li28iHaZRSjw=="
		},
		"promise": {
			"version": "7.3.1",
			"resolved": "https://registry.npmjs.org/promise/-/promise-7.3.1.tgz",
			"integrity": "sha512-nolQXZ/4L+bP/UGlkfaIujX9BKxGwmQ9OT4mOt5yvy8iK1h3wqTEJCijzGANTCCl9nWjY41juyAn2K3Q1hLLTg==",
			"requires": {
				"asap": "~2.0.3"
			}
		},
		"prop-types": {
			"version": "15.7.2",
			"resolved": "https://registry.npmjs.org/prop-types/-/prop-types-15.7.2.tgz",
			"integrity": "sha512-8QQikdH7//R2vurIJSutZ1smHYTcLpRWEOlHnzcWHmBYrOGUysKwSsrC89BCiFj3CbrfJ/nXFdJepOVrY1GCHQ==",
			"requires": {
				"loose-envify": "^1.4.0",
				"object-assign": "^4.1.1",
				"react-is": "^16.8.1"
			}
		},
		"prop-types-extra": {
			"version": "1.1.0",
			"resolved": "https://registry.npmjs.org/prop-types-extra/-/prop-types-extra-1.1.0.tgz",
			"integrity": "sha512-QFyuDxvMipmIVKD2TwxLVPzMnO4e5oOf1vr3tJIomL8E7d0lr6phTHd5nkPhFIzTD1idBLLEPeylL9g+rrTzRg==",
			"requires": {
				"react-is": "^16.3.2",
				"warning": "^3.0.0"
			},
			"dependencies": {
				"warning": {
					"version": "3.0.0",
					"resolved": "https://registry.npmjs.org/warning/-/warning-3.0.0.tgz",
					"integrity": "sha1-MuU3fLVy3kqwR1O9+IIcAe1gW3w=",
					"requires": {
						"loose-envify": "^1.0.0"
					}
				}
			}
		},
		"property-expr": {
			"version": "1.5.1",
			"resolved": "https://registry.npmjs.org/property-expr/-/property-expr-1.5.1.tgz",
			"integrity": "sha512-CGuc0VUTGthpJXL36ydB6jnbyOf/rAHFvmVrJlH+Rg0DqqLFQGAP6hIaxD/G0OAmBJPhXDHuEJigrp0e0wFV6g=="
		},
		"react-bootstrap": {
			"version": "1.0.0-beta.14",
			"resolved": "https://registry.npmjs.org/react-bootstrap/-/react-bootstrap-1.0.0-beta.14.tgz",
			"integrity": "sha512-UGK5f78FE8wAei1YL/oSwFlJZLqxJ/h4S8DCwHyY8hQjFCrjEW5PoEBTOOhQ6PQL6WOsZe1jkiOJG7L5TZWu+w==",
			"requires": {
				"@babel/runtime": "^7.4.2",
				"@restart/context": "^2.1.4",
				"@restart/hooks": "^0.3.11",
				"@types/react": "^16.8.23",
				"classnames": "^2.2.6",
				"dom-helpers": "^3.4.0",
				"invariant": "^2.2.4",
				"keycode": "^2.2.0",
				"popper.js": "^1.14.7",
				"prop-types": "^15.7.2",
				"prop-types-extra": "^1.1.0",
				"react-overlays": "^1.2.0",
				"react-transition-group": "^4.0.0",
				"uncontrollable": "^7.0.0",
				"warning": "^4.0.3"
			}
		},
		"react-context-toolbox": {
			"version": "2.0.2",
			"resolved": "https://registry.npmjs.org/react-context-toolbox/-/react-context-toolbox-2.0.2.tgz",
			"integrity": "sha512-tY4j0imkYC3n5ZlYSgFkaw7fmlCp3IoQQ6DxpqeNHzcD0hf+6V+/HeJxviLUZ1Rv1Yn3N3xyO2EhkkZwHn0m1A=="
		},
		"react-fast-compare": {
			"version": "2.0.4",
			"resolved": "https://registry.npmjs.org/react-fast-compare/-/react-fast-compare-2.0.4.tgz",
			"integrity": "sha512-suNP+J1VU1MWFKcyt7RtjiSWUjvidmQSlqu+eHslq+342xCbGTYmC0mEhPCOHxlW0CywylOC1u2DFAT+bv4dBw=="
		},
		"react-i18next": {
			"version": "10.13.1",
			"resolved": "https://registry.npmjs.org/react-i18next/-/react-i18next-10.13.1.tgz",
			"integrity": "sha512-MReJUMoYooaKZONvoewFuAwf31bQU60Xt25P5wBIPTMphY4LjDJE27rwhEKjNLL24nSIHa3Jh+z9bPwSKISAoA==",
			"dev": true,
			"requires": {
				"@babel/runtime": "^7.3.1",
				"html-parse-stringify2": "2.0.1"
			}
		},
		"react-is": {
			"version": "16.10.2",
			"resolved": "https://registry.npmjs.org/react-is/-/react-is-16.10.2.tgz",
			"integrity": "sha512-INBT1QEgtcCCgvccr5/86CfD71fw9EPmDxgiJX4I2Ddr6ZsV6iFXsuby+qWJPtmNuMY0zByTsG4468P7nHuNWA=="
		},
		"react-lifecycles-compat": {
			"version": "3.0.4",
			"resolved": "https://registry.npmjs.org/react-lifecycles-compat/-/react-lifecycles-compat-3.0.4.tgz",
			"integrity": "sha512-fBASbA6LnOU9dOU2eW7aQ8xmYBSXUIWr+UmF9b1efZBazGNO+rcXT/icdKnYm2pTwcRylVUYwW7H1PHfLekVzA=="
		},
		"react-overlays": {
			"version": "1.2.0",
			"resolved": "https://registry.npmjs.org/react-overlays/-/react-overlays-1.2.0.tgz",
			"integrity": "sha512-i/FCV8wR6aRaI+Kz/dpJhOdyx+ah2tN1RhT9InPrexyC4uzf3N4bNayFTGtUeQVacj57j1Mqh1CwV60/5153Iw==",
			"requires": {
				"classnames": "^2.2.6",
				"dom-helpers": "^3.4.0",
				"prop-types": "^15.6.2",
				"prop-types-extra": "^1.1.0",
				"react-context-toolbox": "^2.0.2",
				"react-popper": "^1.3.2",
				"uncontrollable": "^6.0.0",
				"warning": "^4.0.2"
			},
			"dependencies": {
				"uncontrollable": {
					"version": "6.2.3",
					"resolved": "https://registry.npmjs.org/uncontrollable/-/uncontrollable-6.2.3.tgz",
					"integrity": "sha512-VgOAoBU2ptCL2bfTG2Mra0I8i1u6Aq84AFonD5tmCAYSfs3hWvr2Rlw0q2ntoxXTHjcQOmZOh3FKaN+UZVyREQ==",
					"requires": {
						"@babel/runtime": "^7.4.5",
						"invariant": "^2.2.4"
					}
				}
			}
		},
		"react-popper": {
			"version": "1.3.4",
			"resolved": "https://registry.npmjs.org/react-popper/-/react-popper-1.3.4.tgz",
			"integrity": "sha512-9AcQB29V+WrBKk6X7p0eojd1f25/oJajVdMZkywIoAV6Ag7hzE1Mhyeup2Q1QnvFRtGQFQvtqfhlEoDAPfKAVA==",
			"requires": {
				"@babel/runtime": "^7.1.2",
				"create-react-context": "^0.3.0",
				"popper.js": "^1.14.4",
				"prop-types": "^15.6.1",
				"typed-styles": "^0.0.7",
				"warning": "^4.0.2"
			}
		},
		"react-transition-group": {
			"version": "4.3.0",
			"resolved": "https://registry.npmjs.org/react-transition-group/-/react-transition-group-4.3.0.tgz",
			"integrity": "sha512-1qRV1ZuVSdxPlPf4O8t7inxUGpdyO5zG9IoNfJxSO0ImU2A1YWkEQvFPuIPZmMLkg5hYs7vv5mMOyfgSkvAwvw==",
			"requires": {
				"@babel/runtime": "^7.5.5",
				"dom-helpers": "^5.0.1",
				"loose-envify": "^1.4.0",
				"prop-types": "^15.6.2"
			},
			"dependencies": {
				"dom-helpers": {
					"version": "5.1.0",
					"resolved": "https://registry.npmjs.org/dom-helpers/-/dom-helpers-5.1.0.tgz",
					"integrity": "sha512-zRRYDhpiKuAJHasOqCm7lBnsd22nrM4+OYI4ASWCxen+ocTMl7BIAKgGag97TlLiTl6rrau5aPe1VGUm9jQBng==",
					"requires": {
						"@babel/runtime": "^7.5.5",
						"csstype": "^2.6.6"
					}
				}
			}
		},
		"regenerator-runtime": {
			"version": "0.13.3",
			"resolved": "https://registry.npmjs.org/regenerator-runtime/-/regenerator-runtime-0.13.3.tgz",
			"integrity": "sha512-naKIZz2GQ8JWh///G7L3X6LaQUAMp2lvb1rvwwsURe/VXwD6VMfr+/1NuNw3ag8v2kY1aQ/go5SNn79O9JU7yw=="
		},
		"require-directory": {
			"version": "2.1.1",
			"resolved": "https://registry.npmjs.org/require-directory/-/require-directory-2.1.1.tgz",
			"integrity": "sha1-jGStX9MNqxyXbiNE/+f3kqam30I=",
			"dev": true
		},
		"require-main-filename": {
			"version": "2.0.0",
			"resolved": "https://registry.npmjs.org/require-main-filename/-/require-main-filename-2.0.0.tgz",
			"integrity": "sha512-NKN5kMDylKuldxYLSUfrbo5Tuzh4hd+2E8NPPX02mZtn1VuREQToYe/ZdlJy+J3uCpfaiGF05e7B8W0iXbQHmg==",
			"dev": true
		},
		"safer-buffer": {
			"version": "2.1.2",
			"resolved": "https://registry.npmjs.org/safer-buffer/-/safer-buffer-2.1.2.tgz",
			"integrity": "sha512-YZo3K82SD7Riyi0E1EQPojLz7kpepnSQI9IyPbHHg1XXXevb5dJI7tpyN2ADxGcQbHG7vcyRHk0cbwqcQriUtg=="
		},
		"set-blocking": {
			"version": "2.0.0",
			"resolved": "https://registry.npmjs.org/set-blocking/-/set-blocking-2.0.0.tgz",
			"integrity": "sha1-BF+XgtARrppoA93TgrJDkrPYkPc=",
			"dev": true
		},
		"setimmediate": {
			"version": "1.0.5",
			"resolved": "https://registry.npmjs.org/setimmediate/-/setimmediate-1.0.5.tgz",
			"integrity": "sha1-KQy7Iy4waULX1+qbg3Mqt4VvgoU="
		},
		"string-width": {
			"version": "3.1.0",
			"resolved": "https://registry.npmjs.org/string-width/-/string-width-3.1.0.tgz",
			"integrity": "sha512-vafcv6KjVZKSgz06oM/H6GDBrAtz8vdhQakGjFIvNrHA6y3HCF1CInLy+QLq8dTJPQ1b+KDUqDFctkdRW44e1w==",
			"dev": true,
			"requires": {
				"emoji-regex": "^7.0.1",
				"is-fullwidth-code-point": "^2.0.0",
				"strip-ansi": "^5.1.0"
			}
		},
		"strip-ansi": {
			"version": "5.2.0",
			"resolved": "https://registry.npmjs.org/strip-ansi/-/strip-ansi-5.2.0.tgz",
			"integrity": "sha512-DuRs1gKbBqsMKIZlrffwlug8MHkcnpjs5VPmL1PAh+mA30U0DTotfDZ0d2UUsXpPmPmMMJ6W773MaA3J+lbiWA==",
			"dev": true,
			"requires": {
				"ansi-regex": "^4.1.0"
			}
		},
		"synchronous-promise": {
			"version": "2.0.10",
			"resolved": "https://registry.npmjs.org/synchronous-promise/-/synchronous-promise-2.0.10.tgz",
			"integrity": "sha512-6PC+JRGmNjiG3kJ56ZMNWDPL8hjyghF5cMXIFOKg+NiwwEZZIvxTWd0pinWKyD227odg9ygF8xVhhz7gb8Uq7A=="
		},
		"tiny-warning": {
			"version": "1.0.3",
			"resolved": "https://registry.npmjs.org/tiny-warning/-/tiny-warning-1.0.3.tgz",
			"integrity": "sha512-lBN9zLN/oAf68o3zNXYrdCt1kP8WsiGW8Oo2ka41b2IM5JL/S1CTyX1rW0mb/zSuJun0ZUrDxx4sqvYS2FWzPA=="
		},
		"toposort": {
			"version": "2.0.2",
			"resolved": "https://registry.npmjs.org/toposort/-/toposort-2.0.2.tgz",
			"integrity": "sha1-riF2gXXRVZ1IvvNUILL0li8JwzA="
		},
		"tslib": {
			"version": "1.10.0",
			"resolved": "https://registry.npmjs.org/tslib/-/tslib-1.10.0.tgz",
			"integrity": "sha512-qOebF53frne81cf0S9B41ByenJ3/IuH8yJKngAX35CmiZySA0khhkovshKK+jGCaMnVomla7gVlIcc3EvKPbTQ=="
		},
		"typed-styles": {
			"version": "0.0.7",
			"resolved": "https://registry.npmjs.org/typed-styles/-/typed-styles-0.0.7.tgz",
			"integrity": "sha512-pzP0PWoZUhsECYjABgCGQlRGL1n7tOHsgwYv3oIiEpJwGhFTuty/YNeduxQYzXXa3Ge5BdT6sHYIQYpl4uJ+5Q=="
		},
		"typescript": {
			"version": "3.6.4",
			"resolved": "https://registry.npmjs.org/typescript/-/typescript-3.6.4.tgz",
			"integrity": "sha512-unoCll1+l+YK4i4F8f22TaNVPRHcD9PA3yCuZ8g5e0qGqlVlJ/8FSateOLLSagn+Yg5+ZwuPkL8LFUc0Jcvksg==",
			"dev": true
		},
		"ua-parser-js": {
			"version": "0.7.20",
			"resolved": "https://registry.npmjs.org/ua-parser-js/-/ua-parser-js-0.7.20.tgz",
			"integrity": "sha512-8OaIKfzL5cpx8eCMAhhvTlft8GYF8b2eQr6JkCyVdrgjcytyOmPCXrqXFcUnhonRpLlh5yxEZVohm6mzaowUOw=="
		},
		"uncontrollable": {
			"version": "7.0.2",
			"resolved": "https://registry.npmjs.org/uncontrollable/-/uncontrollable-7.0.2.tgz",
			"integrity": "sha512-7fa8OBQ5+X4VAcp0os6BD74bCeUPQSHmr4Rqy75Me98NnlD5kNShCqqx4xWo4OmlAMiT2/YSMklLFC4FCuoGYg==",
			"requires": {
				"@babel/runtime": "^7.4.5",
				"invariant": "^2.2.4",
				"react-lifecycles-compat": "^3.0.4"
			}
		},
		"void-elements": {
			"version": "2.0.1",
			"resolved": "https://registry.npmjs.org/void-elements/-/void-elements-2.0.1.tgz",
			"integrity": "sha1-wGavtYK7HLQSjWDqkjkulNXp2+w=",
			"dev": true
		},
		"warning": {
			"version": "4.0.3",
			"resolved": "https://registry.npmjs.org/warning/-/warning-4.0.3.tgz",
			"integrity": "sha512-rpJyN222KWIvHJ/F53XSZv0Zl/accqHR8et1kpaMTD/fLCRxtV8iX8czMzY7sVZupTI3zcUTg8eycS2kNF9l6w==",
			"requires": {
				"loose-envify": "^1.0.0"
			}
		},
		"whatwg-fetch": {
			"version": "3.0.0",
			"resolved": "https://registry.npmjs.org/whatwg-fetch/-/whatwg-fetch-3.0.0.tgz",
			"integrity": "sha512-9GSJUgz1D4MfyKU7KRqwOjXCXTqWdFNvEr7eUBYchQiVc744mqK/MzXPNR2WsPkmkOa4ywfg8C2n8h+13Bey1Q=="
		},
		"which-module": {
			"version": "2.0.0",
			"resolved": "https://registry.npmjs.org/which-module/-/which-module-2.0.0.tgz",
			"integrity": "sha1-2e8H3Od7mQK4o6j6SzHD4/fm6Ho=",
			"dev": true
		},
		"wrap-ansi": {
			"version": "5.1.0",
			"resolved": "https://registry.npmjs.org/wrap-ansi/-/wrap-ansi-5.1.0.tgz",
			"integrity": "sha512-QC1/iN/2/RPVJ5jYK8BGttj5z83LmSKmvbvrXPNCLZSEb32KKVDJDl/MOt2N01qU2H/FkzEa9PKto1BqDjtd7Q==",
			"dev": true,
			"requires": {
				"ansi-styles": "^3.2.0",
				"string-width": "^3.0.0",
				"strip-ansi": "^5.0.0"
			}
		},
		"y18n": {
			"version": "4.0.0",
			"resolved": "https://registry.npmjs.org/y18n/-/y18n-4.0.0.tgz",
			"integrity": "sha512-r9S/ZyXu/Xu9q1tYlpsLIsa3EeLXXk0VwlxqTcFRfg9EhMW+17kbt9G0NrgCmhGb5vT2hyhJZLfDGx+7+5Uj/w==",
			"dev": true
		},
		"yargs": {
			"version": "14.2.0",
			"resolved": "https://registry.npmjs.org/yargs/-/yargs-14.2.0.tgz",
			"integrity": "sha512-/is78VKbKs70bVZH7w4YaZea6xcJWOAwkhbR0CFuZBmYtfTYF0xjGJF43AYd8g2Uii1yJwmS5GR2vBmrc32sbg==",
			"dev": true,
			"requires": {
				"cliui": "^5.0.0",
				"decamelize": "^1.2.0",
				"find-up": "^3.0.0",
				"get-caller-file": "^2.0.1",
				"require-directory": "^2.1.1",
				"require-main-filename": "^2.0.0",
				"set-blocking": "^2.0.0",
				"string-width": "^3.0.0",
				"which-module": "^2.0.0",
				"y18n": "^4.0.0",
				"yargs-parser": "^15.0.0"
			}
		},
		"yargs-parser": {
			"version": "15.0.0",
			"resolved": "https://registry.npmjs.org/yargs-parser/-/yargs-parser-15.0.0.tgz",
			"integrity": "sha512-xLTUnCMc4JhxrPEPUYD5IBR1mWCK/aT6+RJ/K29JY2y1vD+FhtgKK0AXRWvI262q3QSffAQuTouFIKUuHX89wQ==",
			"dev": true,
			"requires": {
				"camelcase": "^5.0.0",
				"decamelize": "^1.2.0"
			}
		},
		"yup": {
			"version": "0.27.0",
			"resolved": "https://registry.npmjs.org/yup/-/yup-0.27.0.tgz",
			"integrity": "sha512-v1yFnE4+u9za42gG/b/081E7uNW9mUj3qtkmelLbW5YPROZzSH/KUUyJu9Wt8vxFJcT9otL/eZopS0YK1L5yPQ==",
			"requires": {
				"@babel/runtime": "^7.0.0",
				"fn-name": "~2.0.1",
				"lodash": "^4.17.11",
				"property-expr": "^1.5.0",
				"synchronous-promise": "^2.0.6",
				"toposort": "^2.0.2"
			}
		}
	}
}
