{
  "name": "@reactionable/amplify",
  "version": "0.21.5",
  "lockfileVersion": 1,
  "requires": true,
  "dependencies": {
    "@aws-amplify/analytics": {
      "version": "2.2.5",
      "resolved": "https://registry.npmjs.org/@aws-amplify/analytics/-/analytics-2.2.5.tgz",
      "integrity": "sha512-mr10kkgGFSso2S1ViAageTt1+fjAlvGRDQHWQ99R4Q32S0who6kVlnHTu0dWaOeY1bW2rzWeex9WlKc8kL+FXQ==",
      "requires": {
        "@aws-amplify/cache": "^2.1.5",
        "@aws-amplify/core": "^2.2.4",
        "uuid": "^3.2.1"
      }
    },
    "@aws-amplify/api": {
      "version": "2.1.5",
      "resolved": "https://registry.npmjs.org/@aws-amplify/api/-/api-2.1.5.tgz",
      "integrity": "sha512-4xZwUA8hiX1oxOJ5G5M02tz74nvN33s09i8m1iNSd6Zl4V0AwVBbprQo4Vrfs1exAkmOnIyxxYAPMyNxideTPA==",
      "requires": {
        "@aws-amplify/auth": "^2.1.5",
        "@aws-amplify/cache": "^2.1.5",
        "@aws-amplify/core": "^2.2.4",
        "axios": "^0.19.0",
        "graphql": "14.0.0",
        "uuid": "^3.2.1",
        "zen-observable": "^0.8.6"
      }
    },
    "@aws-amplify/auth": {
      "version": "2.1.5",
      "resolved": "https://registry.npmjs.org/@aws-amplify/auth/-/auth-2.1.5.tgz",
      "integrity": "sha512-tpje99+bWU+VneSeUdle/1DlEfnkQqzFshOVRthQQc3mCst7cmOLQwD2924BCp1hVreoptbYEBMcnmvK8JzRBQ==",
      "requires": {
        "@aws-amplify/cache": "^2.1.5",
        "@aws-amplify/core": "^2.2.4",
        "amazon-cognito-identity-js": "^3.2.4",
        "crypto-js": "^3.1.9-1"
      }
    },
    "@aws-amplify/cache": {
      "version": "2.1.5",
      "resolved": "https://registry.npmjs.org/@aws-amplify/cache/-/cache-2.1.5.tgz",
      "integrity": "sha512-+UwwFapFGbJBNwBQ01u7j6F4m6sqW1j+yqTB0NJvPlYiRM1acYzeBcQPulohVBOjbAFxNpkh/2A+bol0I/mYRg==",
      "requires": {
        "@aws-amplify/core": "^2.2.4"
      }
    },
    "@aws-amplify/core": {
      "version": "2.2.4",
      "resolved": "https://registry.npmjs.org/@aws-amplify/core/-/core-2.2.4.tgz",
      "integrity": "sha512-gHadMjBA6DVPpGNiW2cjplotXH4w2fZocacMiVp+neeuikMTitja3ZtqdTTjiMuYVyl94VtDL1U6QCnBQL8J1w==",
      "requires": {
        "aws-sdk": "2.518.0",
        "url": "^0.11.0",
        "zen-observable": "^0.8.6"
      }
    },
    "@aws-amplify/interactions": {
      "version": "2.1.5",
      "resolved": "https://registry.npmjs.org/@aws-amplify/interactions/-/interactions-2.1.5.tgz",
      "integrity": "sha512-ssuWNxtTibtr3Xl3zx/qplANKmngmhkyzmxsAFdzSoZa3raopDncuAcfqrab/yQQ7jXDMuJNROdaQ4uOrCxygg==",
      "requires": {
        "@aws-amplify/core": "^2.2.4"
      }
    },
    "@aws-amplify/predictions": {
      "version": "2.1.5",
      "resolved": "https://registry.npmjs.org/@aws-amplify/predictions/-/predictions-2.1.5.tgz",
      "integrity": "sha512-ggPj7dQ2lF70OqlVv/lOcJ6xmu9muQopEv1M6GVVx0VOwF3pAxFrRLyXHlKWfe98kbiapmaX/WF7uYAL2uJmZQ==",
      "requires": {
        "@aws-amplify/core": "^2.2.4",
        "@aws-amplify/storage": "^2.2.0",
        "@aws-sdk/eventstream-marshaller": "0.1.0-preview.2",
        "@aws-sdk/util-utf8-node": "0.1.0-preview.1",
        "uuid": "^3.2.1"
      }
    },
    "@aws-amplify/pubsub": {
      "version": "2.1.6",
      "resolved": "https://registry.npmjs.org/@aws-amplify/pubsub/-/pubsub-2.1.6.tgz",
      "integrity": "sha512-ldcNOxl4USET60EH6zPotwBVnOZ4V+AyLhCRVqA4/vRa+ckRwesf3MvTDndHwYniKcluA6OqY3pEmfuMtQ8jIA==",
      "requires": {
        "@aws-amplify/auth": "^2.1.5",
        "@aws-amplify/cache": "^2.1.5",
        "@aws-amplify/core": "^2.2.4",
        "graphql": "14.0.0",
        "paho-mqtt": "^1.1.0",
        "uuid": "^3.2.1",
        "zen-observable": "^0.8.6"
      }
    },
    "@aws-amplify/storage": {
      "version": "2.2.0",
      "resolved": "https://registry.npmjs.org/@aws-amplify/storage/-/storage-2.2.0.tgz",
      "integrity": "sha512-cpysQzGETONs6gZ2+Qcpzc8Y6NIzEauRm2kSnKrFPJdfTj5vLWz4LycrlHSbiAYGU1hSD50xrtfIznfDQGn+nw==",
      "requires": {
        "@aws-amplify/core": "^2.2.4"
      }
    },
    "@aws-amplify/ui": {
      "version": "1.1.5",
      "resolved": "https://registry.npmjs.org/@aws-amplify/ui/-/ui-1.1.5.tgz",
      "integrity": "sha512-lMC43ZsBMKXmsoZevk1EYESVEQh4jlcL4LSMTtHRC1CUrYPIf4EssqPkbMmJEvs3J+8JIcV5aOL5o5enBmaKug=="
    },
    "@aws-amplify/xr": {
      "version": "1.1.5",
      "resolved": "https://registry.npmjs.org/@aws-amplify/xr/-/xr-1.1.5.tgz",
      "integrity": "sha512-KaFBvdwIVBKCiqYtVFaCE25nZyUcJLP2/bBz/hmyAxwFLE759Cha7GEr0AKCGvMQT/9cvpGQO/I5uC5EHf/s8w==",
      "requires": {
        "@aws-amplify/core": "^2.2.4"
      }
    },
    "@aws-crypto/crc32": {
      "version": "0.1.0-preview.4",
      "resolved": "https://registry.npmjs.org/@aws-crypto/crc32/-/crc32-0.1.0-preview.4.tgz",
      "integrity": "sha512-Faxpmo6pUPvfwE8ELdJo9K9bdIjsra+AM2Cq2Fvydd4xJRHpKLWzQ3kdz324auMkHKbn4veTDo3sZRuSbh/Pug==",
      "requires": {
        "tslib": "^1.9.3"
      }
    },
    "@aws-sdk/eventstream-marshaller": {
      "version": "0.1.0-preview.2",
      "resolved": "https://registry.npmjs.org/@aws-sdk/eventstream-marshaller/-/eventstream-marshaller-0.1.0-preview.2.tgz",
      "integrity": "sha512-StNivqLMGk+6Blp7eBYgLvidD9HEhthzNz7dBBAQPELx3Nd3imodzSvckDw5ZkuWt6ViP+aAl8HgQvJmD71M5Q==",
      "requires": {
        "@aws-crypto/crc32": "^0.1.0-preview.1",
        "@aws-sdk/types": "^0.1.0-preview.1",
        "@aws-sdk/util-hex-encoding": "^0.1.0-preview.1",
        "tslib": "^1.8.0"
      }
    },
    "@aws-sdk/is-array-buffer": {
      "version": "0.1.0-preview.1",
      "resolved": "https://registry.npmjs.org/@aws-sdk/is-array-buffer/-/is-array-buffer-0.1.0-preview.1.tgz",
      "integrity": "sha512-9Qrr9w6sNX19N0eO7JBYjp86OPcOyjDPe580L5ISDKo7XfuzK20IC2TeGTZ77okhRTsm8rF5UgP9scBu59jwoA==",
      "requires": {
        "tslib": "^1.8.0"
      }
    },
    "@aws-sdk/types": {
      "version": "0.1.0-preview.1",
      "resolved": "https://registry.npmjs.org/@aws-sdk/types/-/types-0.1.0-preview.1.tgz",
      "integrity": "sha512-CcZpxyN2G0I7+Jyj0om3LafYX7d30JWJAAQ+53Ysjau7jyL/xLMMkLZgniQPV8BMV7uKLXyf4hwu8JSs0Ejb+w=="
    },
    "@aws-sdk/util-buffer-from": {
      "version": "0.1.0-preview.1",
      "resolved": "https://registry.npmjs.org/@aws-sdk/util-buffer-from/-/util-buffer-from-0.1.0-preview.1.tgz",
      "integrity": "sha512-i46iuFQA05+92L/epK7befgoxw6DM38LnaHjHNxRoJeIYUllZvpJst74FRCJ5UvVOaMDvHO3woWG+dY8/KVABw==",
      "requires": {
        "@aws-sdk/is-array-buffer": "^0.1.0-preview.1",
        "tslib": "^1.8.0"
      }
    },
    "@aws-sdk/util-hex-encoding": {
      "version": "0.1.0-preview.1",
      "resolved": "https://registry.npmjs.org/@aws-sdk/util-hex-encoding/-/util-hex-encoding-0.1.0-preview.1.tgz",
      "integrity": "sha512-97ZMVcJpIXwOQN2RntPimav6G5iod/QHEbqGrmaECXyjXzSrexKHRYjpQAtmJ7geZTMsofoRSdj3qZCymjn7Uw==",
      "requires": {
        "tslib": "^1.8.0"
      }
    },
    "@aws-sdk/util-utf8-node": {
      "version": "0.1.0-preview.1",
      "resolved": "https://registry.npmjs.org/@aws-sdk/util-utf8-node/-/util-utf8-node-0.1.0-preview.1.tgz",
      "integrity": "sha512-PSUsSJ0nnMPS389f0R3kIVR0BElnEb22Ofj40iO5HCtw9gZ1ot+enFdbOmW4m1e5+ED9U/Hqxqc7QhFWWF4NUQ==",
      "requires": {
        "@aws-sdk/util-buffer-from": "^0.1.0-preview.1",
        "tslib": "^1.8.0"
      }
    },
    "@babel/runtime": {
      "version": "7.8.4",
      "resolved": "https://registry.npmjs.org/@babel/runtime/-/runtime-7.8.4.tgz",
      "integrity": "sha512-neAp3zt80trRVBI1x0azq6c57aNBqYZH8KhMm3TaB7wEI5Q4A2SHfBHE8w9gOhI/lrqxtEbXZgQIrHP+wvSGwQ==",
      "requires": {
        "regenerator-runtime": "^0.13.2"
      },
      "dependencies": {
        "regenerator-runtime": {
          "version": "0.13.3",
          "resolved": "https://registry.npmjs.org/regenerator-runtime/-/regenerator-runtime-0.13.3.tgz",
          "integrity": "sha512-naKIZz2GQ8JWh///G7L3X6LaQUAMp2lvb1rvwwsURe/VXwD6VMfr+/1NuNw3ag8v2kY1aQ/go5SNn79O9JU7yw=="
        }
      }
    },
    "@reactionable/core": {
      "version": "0.21.5",
      "resolved": "https://registry.npmjs.org/@reactionable/core/-/core-0.21.5.tgz",
      "integrity": "sha512-uN7MiRvtNleRRPDpgmZEneZpGwR7yXxOQglCf2IEkb6w566/VUOiL3oMc2c40uItLlJI81JRxTxh0NfeThyexQ==",
      "requires": {
        "dequal": "^1.0.0",
        "formik": "^2.0.6",
        "i18next": "^19.0.0",
        "i18next-browser-languagedetector": "^4.0.1",
        "react-helmet": "^5.2.1",
        "react-i18next": "^11.2.1",
        "react-router-dom": "^5.1.2",
        "yup": "^0.28.0"
      }
    },
    "amazon-cognito-identity-js": {
      "version": "3.2.4",
      "resolved": "https://registry.npmjs.org/amazon-cognito-identity-js/-/amazon-cognito-identity-js-3.2.4.tgz",
      "integrity": "sha512-KycE6AZTF20hBj08Jvu3caGo+fIF0n5xvPcOi1fvpKXqFzVOh+c8P8JtA84NXsh4Nm2GsS0vljB9bSGXb9cGfQ==",
      "requires": {
        "buffer": "4.9.1",
        "crypto-js": "^3.1.9-1",
        "js-cookie": "^2.1.4"
      }
    },
    "aws-amplify": {
      "version": "2.2.5",
      "resolved": "https://registry.npmjs.org/aws-amplify/-/aws-amplify-2.2.5.tgz",
      "integrity": "sha512-jILnvxuAfOogdyjYoYMj7pot0USt4ot2vHRNzYYV0FdUcdfaYvGdTrSG8bWAY7fi7yUBf6ut7UJMyIXkMjwdZQ==",
      "requires": {
        "@aws-amplify/analytics": "^2.2.5",
        "@aws-amplify/api": "^2.1.5",
        "@aws-amplify/auth": "^2.1.5",
        "@aws-amplify/cache": "^2.1.5",
        "@aws-amplify/core": "^2.2.4",
        "@aws-amplify/interactions": "^2.1.5",
        "@aws-amplify/predictions": "^2.1.5",
        "@aws-amplify/pubsub": "^2.1.6",
        "@aws-amplify/storage": "^2.2.0",
        "@aws-amplify/ui": "^1.1.5",
        "@aws-amplify/xr": "^1.1.5"
      }
    },
    "aws-amplify-react": {
      "version": "3.1.3",
      "resolved": "https://registry.npmjs.org/aws-amplify-react/-/aws-amplify-react-3.1.3.tgz",
      "integrity": "sha512-P3gcPz5gl3kJxhACDe+SfBgeu1WNVTWzCDdDP0oe7FI1UN51xY+f/2+XzHOCQOkjePP10rrhvY+5ioJdsoXlfg==",
      "requires": {
        "qrcode.react": "^0.8.0",
        "regenerator-runtime": "^0.11.1"
      }
    },
    "aws-sdk": {
      "version": "2.518.0",
      "resolved": "https://registry.npmjs.org/aws-sdk/-/aws-sdk-2.518.0.tgz",
      "integrity": "sha512-hwtKKf93TFyd3qugDW54ElpkUXhPe+ArPIHadre6IAFjCJiv08L8DaZKLRyclDnKfTavKe+f/PhdSEYo1QUHiA==",
      "requires": {
        "buffer": "4.9.1",
        "events": "1.1.1",
        "ieee754": "1.1.8",
        "jmespath": "0.15.0",
        "querystring": "0.2.0",
        "sax": "1.2.1",
        "url": "0.10.3",
        "uuid": "3.3.2",
        "xml2js": "0.4.19"
      },
      "dependencies": {
        "url": {
          "version": "0.10.3",
          "resolved": "https://registry.npmjs.org/url/-/url-0.10.3.tgz",
          "integrity": "sha1-Ah5NnHcF8hu/N9A861h2dAJ3TGQ=",
          "requires": {
            "punycode": "1.3.2",
            "querystring": "0.2.0"
          }
        },
        "uuid": {
          "version": "3.3.2",
          "resolved": "https://registry.npmjs.org/uuid/-/uuid-3.3.2.tgz",
          "integrity": "sha512-yXJmeNaw3DnnKAOKJE51sL/ZaYfWJRl1pK9dr19YFCu0ObS231AB1/LbqTKRAQ5kw8A90rA6fr4riOUpTZvQZA=="
        }
      }
    },
    "axios": {
      "version": "0.19.2",
      "resolved": "https://registry.npmjs.org/axios/-/axios-0.19.2.tgz",
      "integrity": "sha512-fjgm5MvRHLhx+osE2xoekY70AhARk3a6hkN+3Io1jc00jtquGvxYlKlsFUhmUET0V5te6CcZI7lcv2Ym61mjHA==",
      "requires": {
        "follow-redirects": "1.5.10"
      }
    },
    "base64-js": {
      "version": "1.3.1",
      "resolved": "https://registry.npmjs.org/base64-js/-/base64-js-1.3.1.tgz",
      "integrity": "sha512-mLQ4i2QO1ytvGWFWmcngKO//JXAQueZvwEKtjgQFM4jIK0kU+ytMfplL8j+n5mspOfjHwoAg+9yhb7BwAHm36g=="
    },
    "buffer": {
      "version": "4.9.1",
      "resolved": "https://registry.npmjs.org/buffer/-/buffer-4.9.1.tgz",
      "integrity": "sha1-bRu2AbB6TvztlwlBMgkwJ8lbwpg=",
      "requires": {
        "base64-js": "^1.0.2",
        "ieee754": "^1.1.4",
        "isarray": "^1.0.0"
      }
    },
    "crypto-js": {
      "version": "3.3.0",
      "resolved": "https://registry.npmjs.org/crypto-js/-/crypto-js-3.3.0.tgz",
      "integrity": "sha512-DIT51nX0dCfKltpRiXV+/TVZq+Qq2NgF4644+K7Ttnla7zEzqc+kjJyiB96BHNyUTBxyjzRcZYpUdZa+QAqi6Q=="
    },
    "debug": {
      "version": "3.1.0",
      "resolved": "https://registry.npmjs.org/debug/-/debug-3.1.0.tgz",
      "integrity": "sha512-OX8XqP7/1a9cqkxYw2yXss15f26NKWBpDXQd0/uK/KPqdQhxbPa994hnzjcE2VqQpDslf55723cKPUOGSmMY3g==",
      "requires": {
        "ms": "2.0.0"
      }
    },
    "deepmerge": {
      "version": "2.2.1",
      "resolved": "https://registry.npmjs.org/deepmerge/-/deepmerge-2.2.1.tgz",
      "integrity": "sha512-R9hc1Xa/NOBi9WRVUWg19rl1UB7Tt4kuPd+thNJgFZoxXsTz7ncaPaeIm+40oSGuP33DfMb4sZt1QIGiJzC4EA=="
    },
    "dequal": {
      "version": "1.0.0",
      "resolved": "https://registry.npmjs.org/dequal/-/dequal-1.0.0.tgz",
      "integrity": "sha512-/Nd1EQbQbI9UbSHrMiKZjFLrXSnU328iQdZKPQf78XQI6C+gutkFUeoHpG5J08Ioa6HeRbRNFpSIclh1xyG0mw=="
    },
    "events": {
      "version": "1.1.1",
      "resolved": "https://registry.npmjs.org/events/-/events-1.1.1.tgz",
      "integrity": "sha1-nr23Y1rQmccNzEwqH1AEKI6L2SQ="
    },
    "fn-name": {
      "version": "2.0.1",
      "resolved": "https://registry.npmjs.org/fn-name/-/fn-name-2.0.1.tgz",
      "integrity": "sha1-UhTXU3pNBqSjAcDMJi/rhBiAAuc="
    },
    "follow-redirects": {
      "version": "1.5.10",
      "resolved": "https://registry.npmjs.org/follow-redirects/-/follow-redirects-1.5.10.tgz",
      "integrity": "sha512-0V5l4Cizzvqt5D44aTXbFZz+FtyXV1vrDN6qrelxtfYQKW0KO0W2T/hkE8xvGa/540LkZlkaUjO4ailYTFtHVQ==",
      "requires": {
        "debug": "=3.1.0"
      }
    },
    "formik": {
      "version": "2.1.4",
      "resolved": "https://registry.npmjs.org/formik/-/formik-2.1.4.tgz",
      "integrity": "sha512-oKz8S+yQBzuQVSEoxkqqJrKQS5XJASWGVn6mrs+oTWrBoHgByVwwI1qHiVc9GKDpZBU9vAxXYAKz2BvujlwunA==",
      "requires": {
        "deepmerge": "^2.1.1",
        "hoist-non-react-statics": "^3.3.0",
        "lodash": "^4.17.14",
        "lodash-es": "^4.17.14",
        "react-fast-compare": "^2.0.1",
        "scheduler": "^0.18.0",
        "tiny-warning": "^1.0.2",
        "tslib": "^1.10.0"
      }
    },
    "graphql": {
      "version": "14.0.0",
      "resolved": "https://registry.npmjs.org/graphql/-/graphql-14.0.0.tgz",
      "integrity": "sha512-HGVcnO6B25YZcSt6ZsH6/N+XkYuPA7yMqJmlJ4JWxWlS4Tr8SHI56R1Ocs8Eor7V7joEZPRXPDH8RRdll1w44Q==",
      "requires": {
        "iterall": "^1.2.2"
      }
    },
    "gud": {
      "version": "1.0.0",
      "resolved": "https://registry.npmjs.org/gud/-/gud-1.0.0.tgz",
      "integrity": "sha512-zGEOVKFM5sVPPrYs7J5/hYEw2Pof8KCyOwyhG8sAF26mCAeUFAcYPu1mwB7hhpIP29zOIBaDqwuHdLp0jvZXjw=="
    },
    "history": {
      "version": "4.10.1",
      "resolved": "https://registry.npmjs.org/history/-/history-4.10.1.tgz",
      "integrity": "sha512-36nwAD620w12kuzPAsyINPWJqlNbij+hpK1k9XRloDtym8mxzGYl2c17LnV6IAGB2Dmg4tEa7G7DlawS0+qjew==",
      "requires": {
        "@babel/runtime": "^7.1.2",
        "loose-envify": "^1.2.0",
        "resolve-pathname": "^3.0.0",
        "tiny-invariant": "^1.0.2",
        "tiny-warning": "^1.0.0",
        "value-equal": "^1.0.1"
      }
    },
    "hoist-non-react-statics": {
      "version": "3.3.2",
      "resolved": "https://registry.npmjs.org/hoist-non-react-statics/-/hoist-non-react-statics-3.3.2.tgz",
      "integrity": "sha512-/gGivxi8JPKWNm/W0jSmzcMPpfpPLc3dY/6GxhX2hQ9iGj3aDfklV4ET7NjKpSinLpJ5vafa9iiGIEZg10SfBw==",
      "requires": {
        "react-is": "^16.7.0"
      }
    },
    "html-parse-stringify2": {
      "version": "2.0.1",
      "resolved": "https://registry.npmjs.org/html-parse-stringify2/-/html-parse-stringify2-2.0.1.tgz",
      "integrity": "sha1-3FZwtyksoVi3vJFsmmc1rIhyg0o=",
      "requires": {
        "void-elements": "^2.0.1"
      }
    },
    "i18next": {
      "version": "19.1.0",
      "resolved": "https://registry.npmjs.org/i18next/-/i18next-19.1.0.tgz",
      "integrity": "sha512-ISbmukX4L6Dz0QoH9+EW1AnBw7j+NRLoMu9uLPMaNSSTP9Eie9/oUL0dOyWX15baB3gYOpkHJpGZRHOqcnl0ew==",
      "requires": {
        "@babel/runtime": "^7.3.1"
      }
    },
    "i18next-browser-languagedetector": {
      "version": "4.0.1",
      "resolved": "https://registry.npmjs.org/i18next-browser-languagedetector/-/i18next-browser-languagedetector-4.0.1.tgz",
      "integrity": "sha512-RxSoX6mB8cab0CTIQ+klCS764vYRj+Jk621cnFVsINvcdlb/cdi3vQFyrPwmnowB7ReUadjHovgZX+RPIzHVQQ==",
      "requires": {
        "@babel/runtime": "^7.5.5"
      }
    },
    "ieee754": {
      "version": "1.1.8",
      "resolved": "https://registry.npmjs.org/ieee754/-/ieee754-1.1.8.tgz",
      "integrity": "sha1-vjPUCsEO8ZJnAfbwii2G+/0a0+Q="
    },
    "isarray": {
      "version": "1.0.0",
      "resolved": "https://registry.npmjs.org/isarray/-/isarray-1.0.0.tgz",
      "integrity": "sha1-u5NdSFgsuhaMBoNJV6VKPgcSTxE="
    },
    "iterall": {
      "version": "1.3.0",
      "resolved": "https://registry.npmjs.org/iterall/-/iterall-1.3.0.tgz",
      "integrity": "sha512-QZ9qOMdF+QLHxy1QIpUHUU1D5pS2CG2P69LF6L6CPjPYA/XMOmKV3PZpawHoAjHNyB0swdVTRxdYT4tbBbxqwg=="
    },
    "jmespath": {
      "version": "0.15.0",
      "resolved": "https://registry.npmjs.org/jmespath/-/jmespath-0.15.0.tgz",
      "integrity": "sha1-o/Iiqarp+Wb10nx5ZRDigJF2Qhc="
    },
    "js-cookie": {
      "version": "2.2.1",
      "resolved": "https://registry.npmjs.org/js-cookie/-/js-cookie-2.2.1.tgz",
      "integrity": "sha512-HvdH2LzI/EAZcUwA8+0nKNtWHqS+ZmijLA30RwZA0bo7ToCckjK5MkGhjED9KoRcXO6BaGI3I9UIzSA1FKFPOQ=="
    },
    "js-tokens": {
      "version": "4.0.0",
      "resolved": "https://registry.npmjs.org/js-tokens/-/js-tokens-4.0.0.tgz",
      "integrity": "sha512-RdJUflcE3cUzKiMqQgsCu06FPu9UdIJO0beYbPhHN4k6apgJtifcoCtT9bcxOpYBtpD2kCM6Sbzg4CausW/PKQ=="
    },
    "lodash": {
      "version": "4.17.15",
      "resolved": "https://registry.npmjs.org/lodash/-/lodash-4.17.15.tgz",
      "integrity": "sha512-8xOcRHvCjnocdS5cpwXQXVzmmh5e5+saE2QGoeQmbKmRS6J3VQppPOIt0MnmE+4xlZoumy0GPG0D0MVIQbNA1A=="
    },
    "lodash-es": {
      "version": "4.17.15",
      "resolved": "https://registry.npmjs.org/lodash-es/-/lodash-es-4.17.15.tgz",
      "integrity": "sha512-rlrc3yU3+JNOpZ9zj5pQtxnx2THmvRykwL4Xlxoa8I9lHBlVbbyPhgyPMioxVZ4NqyxaVVtaJnzsyOidQIhyyQ=="
    },
    "loose-envify": {
      "version": "1.4.0",
      "resolved": "https://registry.npmjs.org/loose-envify/-/loose-envify-1.4.0.tgz",
      "integrity": "sha512-lyuxPGr/Wfhrlem2CL/UcnUc1zcqKAImBDzukY7Y5F/yQiNdko6+fRLevlw1HgMySw7f611UIY408EtxRSoK3Q==",
      "requires": {
        "js-tokens": "^3.0.0 || ^4.0.0"
      }
    },
    "mini-create-react-context": {
      "version": "0.3.2",
      "resolved": "https://registry.npmjs.org/mini-create-react-context/-/mini-create-react-context-0.3.2.tgz",
      "integrity": "sha512-2v+OeetEyliMt5VHMXsBhABoJ0/M4RCe7fatd/fBy6SMiKazUSEt3gxxypfnk2SHMkdBYvorHRoQxuGoiwbzAw==",
      "requires": {
        "@babel/runtime": "^7.4.0",
        "gud": "^1.0.0",
        "tiny-warning": "^1.0.2"
      }
    },
    "ms": {
      "version": "2.0.0",
      "resolved": "https://registry.npmjs.org/ms/-/ms-2.0.0.tgz",
      "integrity": "sha1-VgiurfwAvmwpAd9fmGF4jeDVl8g="
    },
    "object-assign": {
      "version": "4.1.1",
      "resolved": "https://registry.npmjs.org/object-assign/-/object-assign-4.1.1.tgz",
      "integrity": "sha1-IQmtx5ZYh8/AXLvUQsrIv7s2CGM="
    },
    "paho-mqtt": {
      "version": "1.1.0",
      "resolved": "https://registry.npmjs.org/paho-mqtt/-/paho-mqtt-1.1.0.tgz",
      "integrity": "sha512-KPbL9KAB0ASvhSDbOrZBaccXS+/s7/LIofbPyERww8hM5Ko71GUJQ6Nmg0BWqj8phAIT8zdf/Sd/RftHU9i2HA=="
    },
    "path-to-regexp": {
      "version": "1.8.0",
      "resolved": "https://registry.npmjs.org/path-to-regexp/-/path-to-regexp-1.8.0.tgz",
      "integrity": "sha512-n43JRhlUKUAlibEJhPeir1ncUID16QnEjNpwzNdO3Lm4ywrBpBZ5oLD0I6br9evr1Y9JTqwRtAh7JLoOzAQdVA==",
      "requires": {
        "isarray": "0.0.1"
      },
      "dependencies": {
        "isarray": {
          "version": "0.0.1",
          "resolved": "https://registry.npmjs.org/isarray/-/isarray-0.0.1.tgz",
          "integrity": "sha1-ihis/Kmo9Bd+Cav8YDiTmwXR7t8="
        }
      }
    },
    "prop-types": {
      "version": "15.7.2",
      "resolved": "https://registry.npmjs.org/prop-types/-/prop-types-15.7.2.tgz",
      "integrity": "sha512-8QQikdH7//R2vurIJSutZ1smHYTcLpRWEOlHnzcWHmBYrOGUysKwSsrC89BCiFj3CbrfJ/nXFdJepOVrY1GCHQ==",
      "requires": {
        "loose-envify": "^1.4.0",
        "object-assign": "^4.1.1",
        "react-is": "^16.8.1"
      }
    },
    "property-expr": {
      "version": "1.5.1",
      "resolved": "https://registry.npmjs.org/property-expr/-/property-expr-1.5.1.tgz",
      "integrity": "sha512-CGuc0VUTGthpJXL36ydB6jnbyOf/rAHFvmVrJlH+Rg0DqqLFQGAP6hIaxD/G0OAmBJPhXDHuEJigrp0e0wFV6g=="
    },
    "punycode": {
      "version": "1.3.2",
      "resolved": "https://registry.npmjs.org/punycode/-/punycode-1.3.2.tgz",
      "integrity": "sha1-llOgNvt8HuQjQvIyXM7v6jkmxI0="
    },
    "qr.js": {
      "version": "0.0.0",
      "resolved": "https://registry.npmjs.org/qr.js/-/qr.js-0.0.0.tgz",
      "integrity": "sha1-ys6GOG9ZoNuAUPqQ2baw6IoeNk8="
    },
    "qrcode.react": {
      "version": "0.8.0",
      "resolved": "https://registry.npmjs.org/qrcode.react/-/qrcode.react-0.8.0.tgz",
      "integrity": "sha512-16wKpuFvLwciIq2YAsfmPUCnSR8GrYPsXRK5KVdcIuX0+W/MKZbBkFhl44ttRx4TWZHqRjfztoWOxdPF0Hb9JA==",
      "requires": {
        "prop-types": "^15.6.0",
        "qr.js": "0.0.0"
      }
    },
    "querystring": {
      "version": "0.2.0",
      "resolved": "https://registry.npmjs.org/querystring/-/querystring-0.2.0.tgz",
      "integrity": "sha1-sgmEkgO7Jd+CDadW50cAWHhSFiA="
    },
    "react-fast-compare": {
      "version": "2.0.4",
      "resolved": "https://registry.npmjs.org/react-fast-compare/-/react-fast-compare-2.0.4.tgz",
      "integrity": "sha512-suNP+J1VU1MWFKcyt7RtjiSWUjvidmQSlqu+eHslq+342xCbGTYmC0mEhPCOHxlW0CywylOC1u2DFAT+bv4dBw=="
    },
    "react-helmet": {
      "version": "5.2.1",
      "resolved": "https://registry.npmjs.org/react-helmet/-/react-helmet-5.2.1.tgz",
      "integrity": "sha512-CnwD822LU8NDBnjCpZ4ySh8L6HYyngViTZLfBBb3NjtrpN8m49clH8hidHouq20I51Y6TpCTISCBbqiY5GamwA==",
      "requires": {
        "object-assign": "^4.1.1",
        "prop-types": "^15.5.4",
        "react-fast-compare": "^2.0.2",
        "react-side-effect": "^1.1.0"
      }
    },
    "react-i18next": {
      "version": "11.3.2",
      "resolved": "https://registry.npmjs.org/react-i18next/-/react-i18next-11.3.2.tgz",
      "integrity": "sha512-0nrwsoqpue6hfnXoAJwz7NgQrrYgKmotz0xPOHcXtJLwx6Qvj1lQQNb54LkBdNhr55O4R4+nv51LhhWP8A1r4w==",
      "requires": {
        "@babel/runtime": "^7.3.1",
        "html-parse-stringify2": "2.0.1"
      }
    },
    "react-is": {
      "version": "16.12.0",
      "resolved": "https://registry.npmjs.org/react-is/-/react-is-16.12.0.tgz",
      "integrity": "sha512-rPCkf/mWBtKc97aLL9/txD8DZdemK0vkA3JMLShjlJB3Pj3s+lpf1KaBzMfQrAmhMQB0n1cU/SUGgKKBCe837Q=="
    },
    "react-router": {
      "version": "5.1.2",
      "resolved": "https://registry.npmjs.org/react-router/-/react-router-5.1.2.tgz",
      "integrity": "sha512-yjEuMFy1ONK246B+rsa0cUam5OeAQ8pyclRDgpxuSCrAlJ1qN9uZ5IgyKC7gQg0w8OM50NXHEegPh/ks9YuR2A==",
      "requires": {
        "@babel/runtime": "^7.1.2",
        "history": "^4.9.0",
        "hoist-non-react-statics": "^3.1.0",
        "loose-envify": "^1.3.1",
        "mini-create-react-context": "^0.3.0",
        "path-to-regexp": "^1.7.0",
        "prop-types": "^15.6.2",
        "react-is": "^16.6.0",
        "tiny-invariant": "^1.0.2",
        "tiny-warning": "^1.0.0"
      }
    },
    "react-router-dom": {
      "version": "5.1.2",
      "resolved": "https://registry.npmjs.org/react-router-dom/-/react-router-dom-5.1.2.tgz",
      "integrity": "sha512-7BPHAaIwWpZS074UKaw1FjVdZBSVWEk8IuDXdB+OkLb8vd/WRQIpA4ag9WQk61aEfQs47wHyjWUoUGGZxpQXew==",
      "requires": {
        "@babel/runtime": "^7.1.2",
        "history": "^4.9.0",
        "loose-envify": "^1.3.1",
        "prop-types": "^15.6.2",
        "react-router": "5.1.2",
        "tiny-invariant": "^1.0.2",
        "tiny-warning": "^1.0.0"
      }
    },
    "react-side-effect": {
      "version": "1.2.0",
      "resolved": "https://registry.npmjs.org/react-side-effect/-/react-side-effect-1.2.0.tgz",
      "integrity": "sha512-v1ht1aHg5k/thv56DRcjw+WtojuuDHFUgGfc+bFHOWsF4ZK6C2V57DO0Or0GPsg6+LSTE0M6Ry/gfzhzSwbc5w==",
      "requires": {
        "shallowequal": "^1.0.1"
      }
    },
    "regenerator-runtime": {
      "version": "0.11.1",
      "resolved": "https://registry.npmjs.org/regenerator-runtime/-/regenerator-runtime-0.11.1.tgz",
      "integrity": "sha512-MguG95oij0fC3QV3URf4V2SDYGJhJnJGqvIIgdECeODCT98wSWDAJ94SSuVpYQUoTcGUIL6L4yNB7j1DFFHSBg=="
    },
    "resolve-pathname": {
      "version": "3.0.0",
      "resolved": "https://registry.npmjs.org/resolve-pathname/-/resolve-pathname-3.0.0.tgz",
      "integrity": "sha512-C7rARubxI8bXFNB/hqcp/4iUeIXJhJZvFPFPiSPRnhU5UPxzMFIl+2E6yY6c4k9giDJAhtV+enfA+G89N6Csng=="
    },
    "sax": {
      "version": "1.2.1",
      "resolved": "https://registry.npmjs.org/sax/-/sax-1.2.1.tgz",
      "integrity": "sha1-e45lYZCyKOgaZq6nSEgNgozS03o="
    },
    "scheduler": {
      "version": "0.18.0",
      "resolved": "https://registry.npmjs.org/scheduler/-/scheduler-0.18.0.tgz",
      "integrity": "sha512-agTSHR1Nbfi6ulI0kYNK0203joW2Y5W4po4l+v03tOoiJKpTBbxpNhWDvqc/4IcOw+KLmSiQLTasZ4cab2/UWQ==",
      "requires": {
        "loose-envify": "^1.1.0",
        "object-assign": "^4.1.1"
      }
    },
    "shallowequal": {
      "version": "1.1.0",
      "resolved": "https://registry.npmjs.org/shallowequal/-/shallowequal-1.1.0.tgz",
      "integrity": "sha512-y0m1JoUZSlPAjXVtPPW70aZWfIL/dSP7AFkRnniLCrK/8MDKog3TySTBmckD+RObVxH0v4Tox67+F14PdED2oQ=="
    },
    "synchronous-promise": {
      "version": "2.0.10",
      "resolved": "https://registry.npmjs.org/synchronous-promise/-/synchronous-promise-2.0.10.tgz",
      "integrity": "sha512-6PC+JRGmNjiG3kJ56ZMNWDPL8hjyghF5cMXIFOKg+NiwwEZZIvxTWd0pinWKyD227odg9ygF8xVhhz7gb8Uq7A=="
    },
    "tiny-invariant": {
      "version": "1.1.0",
      "resolved": "https://registry.npmjs.org/tiny-invariant/-/tiny-invariant-1.1.0.tgz",
      "integrity": "sha512-ytxQvrb1cPc9WBEI/HSeYYoGD0kWnGEOR8RY6KomWLBVhqz0RgTwVO9dLrGz7dC+nN9llyI7OKAgRq8Vq4ZBSw=="
    },
    "tiny-warning": {
      "version": "1.0.3",
      "resolved": "https://registry.npmjs.org/tiny-warning/-/tiny-warning-1.0.3.tgz",
      "integrity": "sha512-lBN9zLN/oAf68o3zNXYrdCt1kP8WsiGW8Oo2ka41b2IM5JL/S1CTyX1rW0mb/zSuJun0ZUrDxx4sqvYS2FWzPA=="
    },
    "toposort": {
      "version": "2.0.2",
      "resolved": "https://registry.npmjs.org/toposort/-/toposort-2.0.2.tgz",
      "integrity": "sha1-riF2gXXRVZ1IvvNUILL0li8JwzA="
    },
    "tslib": {
      "version": "1.10.0",
      "resolved": "https://registry.npmjs.org/tslib/-/tslib-1.10.0.tgz",
      "integrity": "sha512-qOebF53frne81cf0S9B41ByenJ3/IuH8yJKngAX35CmiZySA0khhkovshKK+jGCaMnVomla7gVlIcc3EvKPbTQ=="
    },
    "url": {
      "version": "0.11.0",
      "resolved": "https://registry.npmjs.org/url/-/url-0.11.0.tgz",
      "integrity": "sha1-ODjpfPxgUh63PFJajlW/3Z4uKPE=",
      "requires": {
        "punycode": "1.3.2",
        "querystring": "0.2.0"
      }
    },
    "uuid": {
      "version": "3.4.0",
      "resolved": "https://registry.npmjs.org/uuid/-/uuid-3.4.0.tgz",
      "integrity": "sha512-HjSDRw6gZE5JMggctHBcjVak08+KEVhSIiDzFnT9S9aegmp85S/bReBVTb4QTFaRNptJ9kuYaNhnbNEOkbKb/A=="
    },
    "value-equal": {
      "version": "1.0.1",
      "resolved": "https://registry.npmjs.org/value-equal/-/value-equal-1.0.1.tgz",
      "integrity": "sha512-NOJ6JZCAWr0zlxZt+xqCHNTEKOsrks2HQd4MqhP1qy4z1SkbEP467eNx6TgDKXMvUOb+OENfJCZwM+16n7fRfw=="
    },
    "void-elements": {
      "version": "2.0.1",
      "resolved": "https://registry.npmjs.org/void-elements/-/void-elements-2.0.1.tgz",
      "integrity": "sha1-wGavtYK7HLQSjWDqkjkulNXp2+w="
    },
    "xml2js": {
      "version": "0.4.19",
      "resolved": "https://registry.npmjs.org/xml2js/-/xml2js-0.4.19.tgz",
      "integrity": "sha512-esZnJZJOiJR9wWKMyuvSE1y6Dq5LCuJanqhxslH2bxM6duahNZ+HMpCLhBQGZkbX6xRf8x1Y2eJlgt2q3qo49Q==",
      "requires": {
        "sax": ">=0.6.0",
        "xmlbuilder": "~9.0.1"
      }
    },
    "xmlbuilder": {
      "version": "9.0.7",
      "resolved": "https://registry.npmjs.org/xmlbuilder/-/xmlbuilder-9.0.7.tgz",
      "integrity": "sha1-Ey7mPS7FVlxVfiD0wi35rKaGsQ0="
    },
    "yup": {
      "version": "0.28.1",
      "resolved": "https://registry.npmjs.org/yup/-/yup-0.28.1.tgz",
      "integrity": "sha512-xSHMZA7UyecSG/CCTDCtnYZMjBrYDR/C7hu0fMsZ6UcS/ngko4qCVFbw+CAmNtHlbItKkvQ3YXITODeTj/dUkw==",
      "requires": {
        "@babel/runtime": "^7.0.0",
        "fn-name": "~2.0.1",
        "lodash": "^4.17.11",
        "lodash-es": "^4.17.11",
        "property-expr": "^1.5.0",
        "synchronous-promise": "^2.0.6",
        "toposort": "^2.0.2"
      }
    },
    "zen-observable": {
      "version": "0.8.15",
      "resolved": "https://registry.npmjs.org/zen-observable/-/zen-observable-0.8.15.tgz",
      "integrity": "sha512-PQ2PC7R9rslx84ndNBZB/Dkv8V8fZEpk83RLgXtYd0fwUgEjseMn1Dgajh2x6S8QbZAFa9p2qVCEuYZNgve0dQ=="
    }
  }
}
